
Microsoft Visual Studio Solution File, Format Version 12.00
# Visual Studio 15
VisualStudioVersion = 15.0.27130.2003
MinimumVisualStudioVersion = 10.0.40219.1
Project("{2150E333-8FDC-42A3-9474-1A3956D46DE8}") = "common", "common", "{F8767975-3D42-49AE-87A4-957ECA67F424}"
EndProject
Project("{FAE04EC0-301F-11D3-BF4B-00C04F79EFBC}") = "helpers", "helpers\helpers.csproj", "{1A073353-A438-4570-8CCC-CDB966F31448}"
EndProject
Project("{FAE04EC0-301F-11D3-BF4B-00C04F79EFBC}") = "common_models", "common_models\common_models.csproj", "{A23946AC-7515-4011-80E8-EFC9596F39A1}"
EndProject
Project("{FAE04EC0-301F-11D3-BF4B-00C04F79EFBC}") = "message_types", "message_types\message_types.csproj", "{A3D8652A-C317-4DDA-A838-C985501CB365}"
EndProject
Project("{2150E333-8FDC-42A3-9474-1A3956D46DE8}") = "database_registry", "database_registry", "{24FF93D6-A31E-4E38-B8F5-439E76503E11}"
EndProject
Project("{FAE04EC0-301F-11D3-BF4B-00C04F79EFBC}") = "database_registry.api", "database_registry.api\database_registry.api.csproj", "{5F09216B-9F52-4B39-A510-5F56F53FE9E8}"
EndProject
Project("{2150E333-8FDC-42A3-9474-1A3956D46DE8}") = "dashboard", "dashboard", "{F85EF90C-DD38-471C-8EFA-20467E37740A}"
EndProject
Project("{FAE04EC0-301F-11D3-BF4B-00C04F79EFBC}") = "dashboard.service", "dashboard.service\dashboard.service.csproj", "{3D8FF26E-35EB-4316-A2B3-0B94CABD3ADB}"
EndProject
Project("{FAE04EC0-301F-11D3-BF4B-00C04F79EFBC}") = "dashboard.ui", "dashboard.ui\dashboard.ui.csproj", "{377B3F03-55E3-4D49-93F1-E12107A460BB}"
EndProject
Project("{2150E333-8FDC-42A3-9474-1A3956D46DE8}") = "rabbit_tutorials", "rabbit_tutorials", "{719D6458-71FC-4E3E-A84A-A14D621A705F}"
EndProject
Project("{2150E333-8FDC-42A3-9474-1A3956D46DE8}") = "1 Hello World", "1 Hello World", "{B22EBD78-7458-4992-9C75-C621F99AD5D6}"
EndProject
Project("{FAE04EC0-301F-11D3-BF4B-00C04F79EFBC}") = "Publisher", "Publisher\Publisher.csproj", "{1513B1BF-7A42-41F0-9C67-152861A1148D}"
EndProject
Project("{FAE04EC0-301F-11D3-BF4B-00C04F79EFBC}") = "Subscriber", "Subscriber\Subscriber.csproj", "{4CE3DA4B-2D4C-40DF-A484-8B8D1B0FC326}"
EndProject
Project("{2150E333-8FDC-42A3-9474-1A3956D46DE8}") = "2 Queues", "2 Queues", "{65290D7E-6543-4B38-84E6-250F643993CF}"
EndProject
Project("{FAE04EC0-301F-11D3-BF4B-00C04F79EFBC}") = "Worker", "Worker\Worker.csproj", "{AE1A83D5-6643-4248-BF95-5CC954E59818}"
EndProject
Project("{FAE04EC0-301F-11D3-BF4B-00C04F79EFBC}") = "NewTask", "NewTask\NewTask.csproj", "{558E6C67-0D08-4F4A-88C3-CDC8177D6EE3}"
EndProject
Project("{2150E333-8FDC-42A3-9474-1A3956D46DE8}") = "3 Exchanges", "3 Exchanges", "{471B001B-44E2-496D-B0C4-2B4E688AD487}"
EndProject
Project("{FAE04EC0-301F-11D3-BF4B-00C04F79EFBC}") = "EmitLog", "EmitLog\EmitLog.csproj", "{54A8F3BD-23E9-437D-AC0E-169D797D5A7E}"
EndProject
Project("{FAE04EC0-301F-11D3-BF4B-00C04F79EFBC}") = "ReceiveLogs", "ReceiveLogs\ReceiveLogs.csproj", "{37EB88F3-14F3-4184-B3CD-3663DD0602BE}"
EndProject
Project("{FAE04EC0-301F-11D3-BF4B-00C04F79EFBC}") = "database_registry.service", "database_registry.service\database_registry.service.csproj", "{86BCB8DF-6036-4208-90C8-73F9575D9537}"
EndProject
Project("{2150E333-8FDC-42A3-9474-1A3956D46DE8}") = "sandbox", "sandbox", "{52A4BDEB-2CE7-47C7-BF00-A4E3D78112CA}"
EndProject
Project("{FAE04EC0-301F-11D3-BF4B-00C04F79EFBC}") = "TestConsumer", "TestConsumer\TestConsumer.csproj", "{087CA56C-8824-4F31-9305-D32BC5440A7A}"
EndProject
Project("{FAE04EC0-301F-11D3-BF4B-00C04F79EFBC}") = "TestHarness", "TestHarness\TestHarness.csproj", "{F21B252A-43A9-4660-ACC8-8D5C0E1CFDCD}"
EndProject
Project("{2150E333-8FDC-42A3-9474-1A3956D46DE8}") = "Capabilities", "Capabilities", "{CC08810D-0B60-4728-AC28-6BA9FAB81513}"
EndProject
Project("{2150E333-8FDC-42A3-9474-1A3956D46DE8}") = "_research", "_research", "{E093196D-0DBA-465D-A4FB-12C1C5BFB499}"
EndProject
Project("{2150E333-8FDC-42A3-9474-1A3956D46DE8}") = "script_formatter", "script_formatter", "{8C95A4A1-6E5A-4D10-BDD7-A949FD5904AE}"
EndProject
Project("{FAE04EC0-301F-11D3-BF4B-00C04F79EFBC}") = "script_formatter.service", "script_formatter.service\script_formatter.service.csproj", "{465F0CDC-4108-44DA-AB45-8E6F8EEEF54B}"
EndProject
Project("{FAE04EC0-301F-11D3-BF4B-00C04F79EFBC}") = "Notifications", "ConsoleToast-master\Notifications.csproj", "{89955872-E4C5-4E44-B27D-0EC56BF50107}"
EndProject
Project("{2150E333-8FDC-42A3-9474-1A3956D46DE8}") = "monitor", "monitor", "{A3FC8181-B7D8-4619-BFC3-761811E3F43F}"
EndProject
Project("{FAE04EC0-301F-11D3-BF4B-00C04F79EFBC}") = "monitor.service", "monitor.service\monitor.service.csproj", "{8AB850A1-0987-43A9-946F-346B8A04EF3C}"
EndProject
Global
	GlobalSection(SolutionConfigurationPlatforms) = preSolution
		Debug|Any CPU = Debug|Any CPU
		Release|Any CPU = Release|Any CPU
	EndGlobalSection
	GlobalSection(ProjectConfigurationPlatforms) = postSolution
		{1A073353-A438-4570-8CCC-CDB966F31448}.Debug|Any CPU.ActiveCfg = Debug|Any CPU
		{1A073353-A438-4570-8CCC-CDB966F31448}.Debug|Any CPU.Build.0 = Debug|Any CPU
		{1A073353-A438-4570-8CCC-CDB966F31448}.Release|Any CPU.ActiveCfg = Release|Any CPU
		{1A073353-A438-4570-8CCC-CDB966F31448}.Release|Any CPU.Build.0 = Release|Any CPU
		{A23946AC-7515-4011-80E8-EFC9596F39A1}.Debug|Any CPU.ActiveCfg = Debug|Any CPU
		{A23946AC-7515-4011-80E8-EFC9596F39A1}.Debug|Any CPU.Build.0 = Debug|Any CPU
		{A23946AC-7515-4011-80E8-EFC9596F39A1}.Release|Any CPU.ActiveCfg = Release|Any CPU
		{A23946AC-7515-4011-80E8-EFC9596F39A1}.Release|Any CPU.Build.0 = Release|Any CPU
		{A3D8652A-C317-4DDA-A838-C985501CB365}.Debug|Any CPU.ActiveCfg = Debug|Any CPU
		{A3D8652A-C317-4DDA-A838-C985501CB365}.Debug|Any CPU.Build.0 = Debug|Any CPU
		{A3D8652A-C317-4DDA-A838-C985501CB365}.Release|Any CPU.ActiveCfg = Release|Any CPU
		{A3D8652A-C317-4DDA-A838-C985501CB365}.Release|Any CPU.Build.0 = Release|Any CPU
		{5F09216B-9F52-4B39-A510-5F56F53FE9E8}.Debug|Any CPU.ActiveCfg = Debug|Any CPU
		{5F09216B-9F52-4B39-A510-5F56F53FE9E8}.Debug|Any CPU.Build.0 = Debug|Any CPU
		{5F09216B-9F52-4B39-A510-5F56F53FE9E8}.Release|Any CPU.ActiveCfg = Release|Any CPU
		{5F09216B-9F52-4B39-A510-5F56F53FE9E8}.Release|Any CPU.Build.0 = Release|Any CPU
		{3D8FF26E-35EB-4316-A2B3-0B94CABD3ADB}.Debug|Any CPU.ActiveCfg = Debug|Any CPU
		{3D8FF26E-35EB-4316-A2B3-0B94CABD3ADB}.Debug|Any CPU.Build.0 = Debug|Any CPU
		{3D8FF26E-35EB-4316-A2B3-0B94CABD3ADB}.Release|Any CPU.ActiveCfg = Release|Any CPU
		{3D8FF26E-35EB-4316-A2B3-0B94CABD3ADB}.Release|Any CPU.Build.0 = Release|Any CPU
		{377B3F03-55E3-4D49-93F1-E12107A460BB}.Debug|Any CPU.ActiveCfg = Debug|Any CPU
		{377B3F03-55E3-4D49-93F1-E12107A460BB}.Debug|Any CPU.Build.0 = Debug|Any CPU
		{377B3F03-55E3-4D49-93F1-E12107A460BB}.Release|Any CPU.ActiveCfg = Release|Any CPU
		{377B3F03-55E3-4D49-93F1-E12107A460BB}.Release|Any CPU.Build.0 = Release|Any CPU
		{1513B1BF-7A42-41F0-9C67-152861A1148D}.Debug|Any CPU.ActiveCfg = Debug|Any CPU
		{1513B1BF-7A42-41F0-9C67-152861A1148D}.Debug|Any CPU.Build.0 = Debug|Any CPU
		{1513B1BF-7A42-41F0-9C67-152861A1148D}.Release|Any CPU.ActiveCfg = Release|Any CPU
		{1513B1BF-7A42-41F0-9C67-152861A1148D}.Release|Any CPU.Build.0 = Release|Any CPU
		{4CE3DA4B-2D4C-40DF-A484-8B8D1B0FC326}.Debug|Any CPU.ActiveCfg = Debug|Any CPU
		{4CE3DA4B-2D4C-40DF-A484-8B8D1B0FC326}.Debug|Any CPU.Build.0 = Debug|Any CPU
		{4CE3DA4B-2D4C-40DF-A484-8B8D1B0FC326}.Release|Any CPU.ActiveCfg = Release|Any CPU
		{4CE3DA4B-2D4C-40DF-A484-8B8D1B0FC326}.Release|Any CPU.Build.0 = Release|Any CPU
		{AE1A83D5-6643-4248-BF95-5CC954E59818}.Debug|Any CPU.ActiveCfg = Debug|Any CPU
		{AE1A83D5-6643-4248-BF95-5CC954E59818}.Debug|Any CPU.Build.0 = Debug|Any CPU
		{AE1A83D5-6643-4248-BF95-5CC954E59818}.Release|Any CPU.ActiveCfg = Release|Any CPU
		{AE1A83D5-6643-4248-BF95-5CC954E59818}.Release|Any CPU.Build.0 = Release|Any CPU
		{558E6C67-0D08-4F4A-88C3-CDC8177D6EE3}.Debug|Any CPU.ActiveCfg = Debug|Any CPU
		{558E6C67-0D08-4F4A-88C3-CDC8177D6EE3}.Debug|Any CPU.Build.0 = Debug|Any CPU
		{558E6C67-0D08-4F4A-88C3-CDC8177D6EE3}.Release|Any CPU.ActiveCfg = Release|Any CPU
		{558E6C67-0D08-4F4A-88C3-CDC8177D6EE3}.Release|Any CPU.Build.0 = Release|Any CPU
		{54A8F3BD-23E9-437D-AC0E-169D797D5A7E}.Debug|Any CPU.ActiveCfg = Debug|Any CPU
		{54A8F3BD-23E9-437D-AC0E-169D797D5A7E}.Debug|Any CPU.Build.0 = Debug|Any CPU
		{54A8F3BD-23E9-437D-AC0E-169D797D5A7E}.Release|Any CPU.ActiveCfg = Release|Any CPU
		{54A8F3BD-23E9-437D-AC0E-169D797D5A7E}.Release|Any CPU.Build.0 = Release|Any CPU
		{37EB88F3-14F3-4184-B3CD-3663DD0602BE}.Debug|Any CPU.ActiveCfg = Debug|Any CPU
		{37EB88F3-14F3-4184-B3CD-3663DD0602BE}.Debug|Any CPU.Build.0 = Debug|Any CPU
		{37EB88F3-14F3-4184-B3CD-3663DD0602BE}.Release|Any CPU.ActiveCfg = Release|Any CPU
		{37EB88F3-14F3-4184-B3CD-3663DD0602BE}.Release|Any CPU.Build.0 = Release|Any CPU
		{86BCB8DF-6036-4208-90C8-73F9575D9537}.Debug|Any CPU.ActiveCfg = Debug|Any CPU
		{86BCB8DF-6036-4208-90C8-73F9575D9537}.Debug|Any CPU.Build.0 = Debug|Any CPU
		{86BCB8DF-6036-4208-90C8-73F9575D9537}.Release|Any CPU.ActiveCfg = Release|Any CPU
		{86BCB8DF-6036-4208-90C8-73F9575D9537}.Release|Any CPU.Build.0 = Release|Any CPU
		{087CA56C-8824-4F31-9305-D32BC5440A7A}.Debug|Any CPU.ActiveCfg = Debug|Any CPU
		{087CA56C-8824-4F31-9305-D32BC5440A7A}.Debug|Any CPU.Build.0 = Debug|Any CPU
		{087CA56C-8824-4F31-9305-D32BC5440A7A}.Release|Any CPU.ActiveCfg = Release|Any CPU
		{087CA56C-8824-4F31-9305-D32BC5440A7A}.Release|Any CPU.Build.0 = Release|Any CPU
		{F21B252A-43A9-4660-ACC8-8D5C0E1CFDCD}.Debug|Any CPU.ActiveCfg = Debug|Any CPU
		{F21B252A-43A9-4660-ACC8-8D5C0E1CFDCD}.Debug|Any CPU.Build.0 = Debug|Any CPU
		{F21B252A-43A9-4660-ACC8-8D5C0E1CFDCD}.Release|Any CPU.ActiveCfg = Release|Any CPU
		{F21B252A-43A9-4660-ACC8-8D5C0E1CFDCD}.Release|Any CPU.Build.0 = Release|Any CPU
		{465F0CDC-4108-44DA-AB45-8E6F8EEEF54B}.Debug|Any CPU.ActiveCfg = Debug|Any CPU
		{465F0CDC-4108-44DA-AB45-8E6F8EEEF54B}.Debug|Any CPU.Build.0 = Debug|Any CPU
		{465F0CDC-4108-44DA-AB45-8E6F8EEEF54B}.Release|Any CPU.ActiveCfg = Release|Any CPU
		{465F0CDC-4108-44DA-AB45-8E6F8EEEF54B}.Release|Any CPU.Build.0 = Release|Any CPU
		{89955872-E4C5-4E44-B27D-0EC56BF50107}.Debug|Any CPU.ActiveCfg = Debug|Any CPU
		{89955872-E4C5-4E44-B27D-0EC56BF50107}.Debug|Any CPU.Build.0 = Debug|Any CPU
		{89955872-E4C5-4E44-B27D-0EC56BF50107}.Release|Any CPU.ActiveCfg = Release|Any CPU
		{89955872-E4C5-4E44-B27D-0EC56BF50107}.Release|Any CPU.Build.0 = Release|Any CPU
		{8AB850A1-0987-43A9-946F-346B8A04EF3C}.Debug|Any CPU.ActiveCfg = Debug|Any CPU
		{8AB850A1-0987-43A9-946F-346B8A04EF3C}.Debug|Any CPU.Build.0 = Debug|Any CPU
		{8AB850A1-0987-43A9-946F-346B8A04EF3C}.Release|Any CPU.ActiveCfg = Release|Any CPU
		{8AB850A1-0987-43A9-946F-346B8A04EF3C}.Release|Any CPU.Build.0 = Release|Any CPU
	EndGlobalSection
	GlobalSection(SolutionProperties) = preSolution
		HideSolutionNode = FALSE
	EndGlobalSection
	GlobalSection(NestedProjects) = preSolution
		{1A073353-A438-4570-8CCC-CDB966F31448} = {F8767975-3D42-49AE-87A4-957ECA67F424}
		{A23946AC-7515-4011-80E8-EFC9596F39A1} = {F8767975-3D42-49AE-87A4-957ECA67F424}
		{A3D8652A-C317-4DDA-A838-C985501CB365} = {F8767975-3D42-49AE-87A4-957ECA67F424}
		{24FF93D6-A31E-4E38-B8F5-439E76503E11} = {CC08810D-0B60-4728-AC28-6BA9FAB81513}
		{5F09216B-9F52-4B39-A510-5F56F53FE9E8} = {24FF93D6-A31E-4E38-B8F5-439E76503E11}
		{F85EF90C-DD38-471C-8EFA-20467E37740A} = {CC08810D-0B60-4728-AC28-6BA9FAB81513}
		{3D8FF26E-35EB-4316-A2B3-0B94CABD3ADB} = {F85EF90C-DD38-471C-8EFA-20467E37740A}
		{377B3F03-55E3-4D49-93F1-E12107A460BB} = {F85EF90C-DD38-471C-8EFA-20467E37740A}
		{719D6458-71FC-4E3E-A84A-A14D621A705F} = {E093196D-0DBA-465D-A4FB-12C1C5BFB499}
		{B22EBD78-7458-4992-9C75-C621F99AD5D6} = {719D6458-71FC-4E3E-A84A-A14D621A705F}
		{1513B1BF-7A42-41F0-9C67-152861A1148D} = {B22EBD78-7458-4992-9C75-C621F99AD5D6}
		{4CE3DA4B-2D4C-40DF-A484-8B8D1B0FC326} = {B22EBD78-7458-4992-9C75-C621F99AD5D6}
		{65290D7E-6543-4B38-84E6-250F643993CF} = {719D6458-71FC-4E3E-A84A-A14D621A705F}
		{AE1A83D5-6643-4248-BF95-5CC954E59818} = {65290D7E-6543-4B38-84E6-250F643993CF}
		{558E6C67-0D08-4F4A-88C3-CDC8177D6EE3} = {65290D7E-6543-4B38-84E6-250F643993CF}
		{471B001B-44E2-496D-B0C4-2B4E688AD487} = {719D6458-71FC-4E3E-A84A-A14D621A705F}
		{54A8F3BD-23E9-437D-AC0E-169D797D5A7E} = {471B001B-44E2-496D-B0C4-2B4E688AD487}
		{37EB88F3-14F3-4184-B3CD-3663DD0602BE} = {471B001B-44E2-496D-B0C4-2B4E688AD487}
		{86BCB8DF-6036-4208-90C8-73F9575D9537} = {24FF93D6-A31E-4E38-B8F5-439E76503E11}
		{52A4BDEB-2CE7-47C7-BF00-A4E3D78112CA} = {E093196D-0DBA-465D-A4FB-12C1C5BFB499}
		{087CA56C-8824-4F31-9305-D32BC5440A7A} = {52A4BDEB-2CE7-47C7-BF00-A4E3D78112CA}
		{F21B252A-43A9-4660-ACC8-8D5C0E1CFDCD} = {52A4BDEB-2CE7-47C7-BF00-A4E3D78112CA}
		{8C95A4A1-6E5A-4D10-BDD7-A949FD5904AE} = {CC08810D-0B60-4728-AC28-6BA9FAB81513}
		{465F0CDC-4108-44DA-AB45-8E6F8EEEF54B} = {8C95A4A1-6E5A-4D10-BDD7-A949FD5904AE}
		{89955872-E4C5-4E44-B27D-0EC56BF50107} = {CC08810D-0B60-4728-AC28-6BA9FAB81513}
		{A3FC8181-B7D8-4619-BFC3-761811E3F43F} = {CC08810D-0B60-4728-AC28-6BA9FAB81513}
		{8AB850A1-0987-43A9-946F-346B8A04EF3C} = {A3FC8181-B7D8-4619-BFC3-761811E3F43F}
	EndGlobalSection
	GlobalSection(ExtensibilityGlobals) = postSolution
		SolutionGuid = {AB70CC42-A5D9-4968-9A96-5A7D6D98895F}
	EndGlobalSection
EndGlobal
