
Microsoft Visual Studio Solution File, Format Version 12.00
# Visual Studio 15
VisualStudioVersion = 15.0.27130.2003
MinimumVisualStudioVersion = 10.0.40219.1
Project("{2150E333-8FDC-42A3-9474-1A3956D46DE8}") = "capabilities", "capabilities", "{FD75C666-0D5C-4829-B47E-F120E81169A1}"
EndProject
Project("{2150E333-8FDC-42A3-9474-1A3956D46DE8}") = "common", "common", "{CB11C1BE-CF71-4A84-95D4-068E86D8CC4B}"
EndProject
Project("{2150E333-8FDC-42A3-9474-1A3956D46DE8}") = "solutions", "solutions", "{75C21209-4247-47D3-B467-2332F19BFFC4}"
EndProject
Project("{2150E333-8FDC-42A3-9474-1A3956D46DE8}") = "dashboard", "dashboard", "{D9F23E6D-934F-4128-92DD-84D8CD90BBE0}"
EndProject
Project("{FAE04EC0-301F-11D3-BF4B-00C04F79EFBC}") = "dashboard.service", "capabilities\dashboard\dashboard.service\dashboard.service.csproj", "{3D8FF26E-35EB-4316-A2B3-0B94CABD3ADB}"
EndProject
Project("{FAE04EC0-301F-11D3-BF4B-00C04F79EFBC}") = "dashboard.ui", "capabilities\dashboard\dashboard.ui\dashboard.ui.csproj", "{377B3F03-55E3-4D49-93F1-E12107A460BB}"
EndProject
Project("{2150E333-8FDC-42A3-9474-1A3956D46DE8}") = "database registry", "database registry", "{907AE403-3CAA-4222-9679-584F593B3E61}"
EndProject
Project("{FAE04EC0-301F-11D3-BF4B-00C04F79EFBC}") = "database_registry.api", "capabilities\database_registry\database_registry.api\database_registry.api.csproj", "{5F09216B-9F52-4B39-A510-5F56F53FE9E8}"
EndProject
Project("{2150E333-8FDC-42A3-9474-1A3956D46DE8}") = "formatting", "formatting", "{E83EC8A5-88FC-486F-A001-72F09F511DF6}"
EndProject
Project("{FAE04EC0-301F-11D3-BF4B-00C04F79EFBC}") = "script_formatter.service", "capabilities\formatting\script_formatter.service\script_formatter.service.csproj", "{465F0CDC-4108-44DA-AB45-8E6F8EEEF54B}"
EndProject
Project("{2150E333-8FDC-42A3-9474-1A3956D46DE8}") = "hospital", "hospital", "{9046BA75-BF07-4DC9-A307-854ACB071415}"
EndProject
Project("{2150E333-8FDC-42A3-9474-1A3956D46DE8}") = "notifications", "notifications", "{76108896-E759-4FA4-99F5-3AEAF9D160DD}"
EndProject
Project("{2150E333-8FDC-42A3-9474-1A3956D46DE8}") = "protection", "protection", "{902D96B6-641F-41F9-AF39-5CBA75CE1B3F}"
EndProject
Project("{2150E333-8FDC-42A3-9474-1A3956D46DE8}") = "suggestions", "suggestions", "{5B82C5F0-88E4-407F-87D5-22A9154A7703}"
EndProject
Project("{2150E333-8FDC-42A3-9474-1A3956D46DE8}") = "utils", "utils", "{0DE581AE-E96F-4DDE-9BBF-9452F59A1CEF}"
EndProject
Project("{2150E333-8FDC-42A3-9474-1A3956D46DE8}") = "reset", "reset", "{6B4D566B-3B59-43B1-BBC1-71BE174C80A0}"
EndProject
Project("{FAE04EC0-301F-11D3-BF4B-00C04F79EFBC}") = "hospital", "capabilities\hospital\hospital.csproj", "{79317712-A40A-4B31-88BE-2EAEECBA2617}"
EndProject
Project("{FAE04EC0-301F-11D3-BF4B-00C04F79EFBC}") = "protector", "capabilities\protection\protector\protector.csproj", "{A3A134A4-BFDB-4C12-82D8-D3919A66CA70}"
EndProject
Project("{FAE04EC0-301F-11D3-BF4B-00C04F79EFBC}") = "suggestions", "capabilities\suggestions\suggestions.csproj", "{25A0075A-FEC0-469C-B0A9-963E8C614468}"
EndProject
Project("{FAE04EC0-301F-11D3-BF4B-00C04F79EFBC}") = "RabbitClearer", "utils\reset\RabbitClearer.csproj", "{B5DB567E-492F-4DE7-9CDE-A8685B1267CE}"
EndProject
Project("{FAE04EC0-301F-11D3-BF4B-00C04F79EFBC}") = "common_models", "common\common_models\common_models.csproj", "{A23946AC-7515-4011-80E8-EFC9596F39A1}"
EndProject
Project("{FAE04EC0-301F-11D3-BF4B-00C04F79EFBC}") = "helpers", "common\helpers\helpers.csproj", "{1A073353-A438-4570-8CCC-CDB966F31448}"
EndProject
Project("{FAE04EC0-301F-11D3-BF4B-00C04F79EFBC}") = "message_types", "common\message_types\message_types.csproj", "{A3D8652A-C317-4DDA-A838-C985501CB365}"
EndProject
Project("{FAE04EC0-301F-11D3-BF4B-00C04F79EFBC}") = "autocomplete_example", "solutions\autocomplete_example\autocomplete_example.csproj", "{429D55E9-A76C-4AF6-AA2E-C4222CD628D2}"
EndProject
Project("{FAE04EC0-301F-11D3-BF4B-00C04F79EFBC}") = "notifications.service", "capabilities\notifications\notifications\notifications.service.csproj", "{89955872-E4C5-4E44-B27D-0EC56BF50107}"
EndProject
Global
	GlobalSection(SolutionConfigurationPlatforms) = preSolution
		Debug|Any CPU = Debug|Any CPU
		Release|Any CPU = Release|Any CPU
	EndGlobalSection
	GlobalSection(ProjectConfigurationPlatforms) = postSolution
		{3D8FF26E-35EB-4316-A2B3-0B94CABD3ADB}.Debug|Any CPU.ActiveCfg = Debug|Any CPU
		{3D8FF26E-35EB-4316-A2B3-0B94CABD3ADB}.Debug|Any CPU.Build.0 = Debug|Any CPU
		{3D8FF26E-35EB-4316-A2B3-0B94CABD3ADB}.Release|Any CPU.ActiveCfg = Release|Any CPU
		{3D8FF26E-35EB-4316-A2B3-0B94CABD3ADB}.Release|Any CPU.Build.0 = Release|Any CPU
		{377B3F03-55E3-4D49-93F1-E12107A460BB}.Debug|Any CPU.ActiveCfg = Debug|Any CPU
		{377B3F03-55E3-4D49-93F1-E12107A460BB}.Debug|Any CPU.Build.0 = Debug|Any CPU
		{377B3F03-55E3-4D49-93F1-E12107A460BB}.Release|Any CPU.ActiveCfg = Release|Any CPU
		{377B3F03-55E3-4D49-93F1-E12107A460BB}.Release|Any CPU.Build.0 = Release|Any CPU
		{5F09216B-9F52-4B39-A510-5F56F53FE9E8}.Debug|Any CPU.ActiveCfg = Debug|Any CPU
		{5F09216B-9F52-4B39-A510-5F56F53FE9E8}.Debug|Any CPU.Build.0 = Debug|Any CPU
		{5F09216B-9F52-4B39-A510-5F56F53FE9E8}.Release|Any CPU.ActiveCfg = Release|Any CPU
		{5F09216B-9F52-4B39-A510-5F56F53FE9E8}.Release|Any CPU.Build.0 = Release|Any CPU
		{465F0CDC-4108-44DA-AB45-8E6F8EEEF54B}.Debug|Any CPU.ActiveCfg = Debug|Any CPU
		{465F0CDC-4108-44DA-AB45-8E6F8EEEF54B}.Debug|Any CPU.Build.0 = Debug|Any CPU
		{465F0CDC-4108-44DA-AB45-8E6F8EEEF54B}.Release|Any CPU.ActiveCfg = Release|Any CPU
		{465F0CDC-4108-44DA-AB45-8E6F8EEEF54B}.Release|Any CPU.Build.0 = Release|Any CPU
		{79317712-A40A-4B31-88BE-2EAEECBA2617}.Debug|Any CPU.ActiveCfg = Debug|Any CPU
		{79317712-A40A-4B31-88BE-2EAEECBA2617}.Debug|Any CPU.Build.0 = Debug|Any CPU
		{79317712-A40A-4B31-88BE-2EAEECBA2617}.Release|Any CPU.ActiveCfg = Release|Any CPU
		{79317712-A40A-4B31-88BE-2EAEECBA2617}.Release|Any CPU.Build.0 = Release|Any CPU
		{A3A134A4-BFDB-4C12-82D8-D3919A66CA70}.Debug|Any CPU.ActiveCfg = Debug|Any CPU
		{A3A134A4-BFDB-4C12-82D8-D3919A66CA70}.Debug|Any CPU.Build.0 = Debug|Any CPU
		{A3A134A4-BFDB-4C12-82D8-D3919A66CA70}.Release|Any CPU.ActiveCfg = Release|Any CPU
		{A3A134A4-BFDB-4C12-82D8-D3919A66CA70}.Release|Any CPU.Build.0 = Release|Any CPU
		{25A0075A-FEC0-469C-B0A9-963E8C614468}.Debug|Any CPU.ActiveCfg = Debug|Any CPU
		{25A0075A-FEC0-469C-B0A9-963E8C614468}.Debug|Any CPU.Build.0 = Debug|Any CPU
		{25A0075A-FEC0-469C-B0A9-963E8C614468}.Release|Any CPU.ActiveCfg = Release|Any CPU
		{25A0075A-FEC0-469C-B0A9-963E8C614468}.Release|Any CPU.Build.0 = Release|Any CPU
		{B5DB567E-492F-4DE7-9CDE-A8685B1267CE}.Debug|Any CPU.ActiveCfg = Debug|Any CPU
		{B5DB567E-492F-4DE7-9CDE-A8685B1267CE}.Debug|Any CPU.Build.0 = Debug|Any CPU
		{B5DB567E-492F-4DE7-9CDE-A8685B1267CE}.Release|Any CPU.ActiveCfg = Release|Any CPU
		{B5DB567E-492F-4DE7-9CDE-A8685B1267CE}.Release|Any CPU.Build.0 = Release|Any CPU
		{A23946AC-7515-4011-80E8-EFC9596F39A1}.Debug|Any CPU.ActiveCfg = Debug|Any CPU
		{A23946AC-7515-4011-80E8-EFC9596F39A1}.Debug|Any CPU.Build.0 = Debug|Any CPU
		{A23946AC-7515-4011-80E8-EFC9596F39A1}.Release|Any CPU.ActiveCfg = Release|Any CPU
		{A23946AC-7515-4011-80E8-EFC9596F39A1}.Release|Any CPU.Build.0 = Release|Any CPU
		{1A073353-A438-4570-8CCC-CDB966F31448}.Debug|Any CPU.ActiveCfg = Debug|Any CPU
		{1A073353-A438-4570-8CCC-CDB966F31448}.Debug|Any CPU.Build.0 = Debug|Any CPU
		{1A073353-A438-4570-8CCC-CDB966F31448}.Release|Any CPU.ActiveCfg = Release|Any CPU
		{1A073353-A438-4570-8CCC-CDB966F31448}.Release|Any CPU.Build.0 = Release|Any CPU
		{A3D8652A-C317-4DDA-A838-C985501CB365}.Debug|Any CPU.ActiveCfg = Debug|Any CPU
		{A3D8652A-C317-4DDA-A838-C985501CB365}.Debug|Any CPU.Build.0 = Debug|Any CPU
		{A3D8652A-C317-4DDA-A838-C985501CB365}.Release|Any CPU.ActiveCfg = Release|Any CPU
		{A3D8652A-C317-4DDA-A838-C985501CB365}.Release|Any CPU.Build.0 = Release|Any CPU
		{429D55E9-A76C-4AF6-AA2E-C4222CD628D2}.Debug|Any CPU.ActiveCfg = Debug|Any CPU
		{429D55E9-A76C-4AF6-AA2E-C4222CD628D2}.Debug|Any CPU.Build.0 = Debug|Any CPU
		{429D55E9-A76C-4AF6-AA2E-C4222CD628D2}.Release|Any CPU.ActiveCfg = Release|Any CPU
		{429D55E9-A76C-4AF6-AA2E-C4222CD628D2}.Release|Any CPU.Build.0 = Release|Any CPU
		{89955872-E4C5-4E44-B27D-0EC56BF50107}.Debug|Any CPU.ActiveCfg = Debug|Any CPU
		{89955872-E4C5-4E44-B27D-0EC56BF50107}.Debug|Any CPU.Build.0 = Debug|Any CPU
		{89955872-E4C5-4E44-B27D-0EC56BF50107}.Release|Any CPU.ActiveCfg = Release|Any CPU
		{89955872-E4C5-4E44-B27D-0EC56BF50107}.Release|Any CPU.Build.0 = Release|Any CPU
	EndGlobalSection
	GlobalSection(SolutionProperties) = preSolution
		HideSolutionNode = FALSE
	EndGlobalSection
	GlobalSection(NestedProjects) = preSolution
		{D9F23E6D-934F-4128-92DD-84D8CD90BBE0} = {FD75C666-0D5C-4829-B47E-F120E81169A1}
		{3D8FF26E-35EB-4316-A2B3-0B94CABD3ADB} = {D9F23E6D-934F-4128-92DD-84D8CD90BBE0}
		{377B3F03-55E3-4D49-93F1-E12107A460BB} = {D9F23E6D-934F-4128-92DD-84D8CD90BBE0}
		{907AE403-3CAA-4222-9679-584F593B3E61} = {FD75C666-0D5C-4829-B47E-F120E81169A1}
		{5F09216B-9F52-4B39-A510-5F56F53FE9E8} = {907AE403-3CAA-4222-9679-584F593B3E61}
		{E83EC8A5-88FC-486F-A001-72F09F511DF6} = {FD75C666-0D5C-4829-B47E-F120E81169A1}
		{465F0CDC-4108-44DA-AB45-8E6F8EEEF54B} = {E83EC8A5-88FC-486F-A001-72F09F511DF6}
		{9046BA75-BF07-4DC9-A307-854ACB071415} = {FD75C666-0D5C-4829-B47E-F120E81169A1}
		{76108896-E759-4FA4-99F5-3AEAF9D160DD} = {FD75C666-0D5C-4829-B47E-F120E81169A1}
		{902D96B6-641F-41F9-AF39-5CBA75CE1B3F} = {FD75C666-0D5C-4829-B47E-F120E81169A1}
		{5B82C5F0-88E4-407F-87D5-22A9154A7703} = {FD75C666-0D5C-4829-B47E-F120E81169A1}
		{6B4D566B-3B59-43B1-BBC1-71BE174C80A0} = {0DE581AE-E96F-4DDE-9BBF-9452F59A1CEF}
		{79317712-A40A-4B31-88BE-2EAEECBA2617} = {9046BA75-BF07-4DC9-A307-854ACB071415}
		{A3A134A4-BFDB-4C12-82D8-D3919A66CA70} = {902D96B6-641F-41F9-AF39-5CBA75CE1B3F}
		{25A0075A-FEC0-469C-B0A9-963E8C614468} = {5B82C5F0-88E4-407F-87D5-22A9154A7703}
		{B5DB567E-492F-4DE7-9CDE-A8685B1267CE} = {6B4D566B-3B59-43B1-BBC1-71BE174C80A0}
		{A23946AC-7515-4011-80E8-EFC9596F39A1} = {CB11C1BE-CF71-4A84-95D4-068E86D8CC4B}
		{1A073353-A438-4570-8CCC-CDB966F31448} = {CB11C1BE-CF71-4A84-95D4-068E86D8CC4B}
		{A3D8652A-C317-4DDA-A838-C985501CB365} = {CB11C1BE-CF71-4A84-95D4-068E86D8CC4B}
		{429D55E9-A76C-4AF6-AA2E-C4222CD628D2} = {75C21209-4247-47D3-B467-2332F19BFFC4}
		{89955872-E4C5-4E44-B27D-0EC56BF50107} = {76108896-E759-4FA4-99F5-3AEAF9D160DD}
	EndGlobalSection
	GlobalSection(ExtensibilityGlobals) = postSolution
		SolutionGuid = {B9AA8DBD-7D11-4FA9-A6A6-9B3EA8C357A3}
	EndGlobalSection
EndGlobal
